
Microsoft Visual Studio Solution File, Format Version 12.00
# Visual Studio Version 17
VisualStudioVersion = 17.4.33213.308
MinimumVisualStudioVersion = 10.0.40219.1
Project("{FAE04EC0-301F-11D3-BF4B-00C04F79EFBC}") = "Dynamic Application_Krish", "Dynamic Application_Krish.csproj", "{FDFD66C7-8639-4E1F-B650-3A92A9CA9FE4}"
EndProject
Global
	GlobalSection(SolutionConfigurationPlatforms) = preSolution
		Debug|Any CPU = Debug|Any CPU
		Release|Any CPU = Release|Any CPU
	EndGlobalSection
	GlobalSection(ProjectConfigurationPlatforms) = postSolution
		{FDFD66C7-8639-4E1F-B650-3A92A9CA9FE4}.Debug|Any CPU.ActiveCfg = Debug|Any CPU
		{FDFD66C7-8639-4E1F-B650-3A92A9CA9FE4}.Debug|Any CPU.Build.0 = Debug|Any CPU
		{FDFD66C7-8639-4E1F-B650-3A92A9CA9FE4}.Release|Any CPU.ActiveCfg = Release|Any CPU
		{FDFD66C7-8639-4E1F-B650-3A92A9CA9FE4}.Release|Any CPU.Build.0 = Release|Any CPU
	EndGlobalSection
	GlobalSection(SolutionProperties) = preSolution
		HideSolutionNode = FALSE
	EndGlobalSection
	GlobalSection(ExtensibilityGlobals) = postSolution
		SolutionGuid = {773AEF6C-EEBE-438F-9B29-7F9604DC59C7}
	EndGlobalSection
EndGlobal
